
Microsoft Visual Studio Solution File, Format Version 12.00
# Visual Studio 2013
VisualStudioVersion = 12.0.31101.0
MinimumVisualStudioVersion = 10.0.40219.1
Project("{FAE04EC0-301F-11D3-BF4B-00C04F79EFBC}") = "FizzBuzzSuite.Lib", "FizzBuzzSuite.Lib\FizzBuzzSuite.Lib.csproj", "{B605934A-AD22-47A1-9D26-E75FCF6DB0EF}"
EndProject
Project("{FAE04EC0-301F-11D3-BF4B-00C04F79EFBC}") = "FizzBuzzSuite.Cli", "FizzBuzzSuite.Cli\FizzBuzzSuite.Cli.csproj", "{698883D4-3795-466A-B0EF-373FE6E4F543}"
EndProject
Project("{FAE04EC0-301F-11D3-BF4B-00C04F79EFBC}") = "FizzBuzzSuite.Tests", "FizzBuzzSuite.Tests\FizzBuzzSuite.Tests.csproj", "{B365B23F-6144-4BAA-8C2D-18A9F7075D87}"
EndProject
Global
	GlobalSection(SolutionConfigurationPlatforms) = preSolution
		Debug|Any CPU = Debug|Any CPU
		Release|Any CPU = Release|Any CPU
	EndGlobalSection
	GlobalSection(ProjectConfigurationPlatforms) = postSolution
		{B605934A-AD22-47A1-9D26-E75FCF6DB0EF}.Debug|Any CPU.ActiveCfg = Debug|Any CPU
		{B605934A-AD22-47A1-9D26-E75FCF6DB0EF}.Debug|Any CPU.Build.0 = Debug|Any CPU
		{B605934A-AD22-47A1-9D26-E75FCF6DB0EF}.Release|Any CPU.ActiveCfg = Release|Any CPU
		{B605934A-AD22-47A1-9D26-E75FCF6DB0EF}.Release|Any CPU.Build.0 = Release|Any CPU
		{698883D4-3795-466A-B0EF-373FE6E4F543}.Debug|Any CPU.ActiveCfg = Debug|Any CPU
		{698883D4-3795-466A-B0EF-373FE6E4F543}.Debug|Any CPU.Build.0 = Debug|Any CPU
		{698883D4-3795-466A-B0EF-373FE6E4F543}.Release|Any CPU.ActiveCfg = Release|Any CPU
		{698883D4-3795-466A-B0EF-373FE6E4F543}.Release|Any CPU.Build.0 = Release|Any CPU
		{B365B23F-6144-4BAA-8C2D-18A9F7075D87}.Debug|Any CPU.ActiveCfg = Debug|Any CPU
		{B365B23F-6144-4BAA-8C2D-18A9F7075D87}.Debug|Any CPU.Build.0 = Debug|Any CPU
		{B365B23F-6144-4BAA-8C2D-18A9F7075D87}.Release|Any CPU.ActiveCfg = Release|Any CPU
		{B365B23F-6144-4BAA-8C2D-18A9F7075D87}.Release|Any CPU.Build.0 = Release|Any CPU
	EndGlobalSection
	GlobalSection(SolutionProperties) = preSolution
		HideSolutionNode = FALSE
	EndGlobalSection
EndGlobal
